
Microsoft Visual Studio Solution File, Format Version 12.00
# Visual Studio Version 17
VisualStudioVersion = 17.5.33530.505
MinimumVisualStudioVersion = 10.0.40219.1
Project("{FAE04EC0-301F-11D3-BF4B-00C04F79EFBC}") = "MVCCRUD", "MVCCRUD.csproj", "{984E815F-934E-4567-8A2F-1F003916A949}"
EndProject
Global
	GlobalSection(SolutionConfigurationPlatforms) = preSolution
		Debug|Any CPU = Debug|Any CPU
		Release|Any CPU = Release|Any CPU
	EndGlobalSection
	GlobalSection(ProjectConfigurationPlatforms) = postSolution
		{984E815F-934E-4567-8A2F-1F003916A949}.Debug|Any CPU.ActiveCfg = Debug|Any CPU
		{984E815F-934E-4567-8A2F-1F003916A949}.Debug|Any CPU.Build.0 = Debug|Any CPU
		{984E815F-934E-4567-8A2F-1F003916A949}.Release|Any CPU.ActiveCfg = Release|Any CPU
		{984E815F-934E-4567-8A2F-1F003916A949}.Release|Any CPU.Build.0 = Release|Any CPU
	EndGlobalSection
	GlobalSection(SolutionProperties) = preSolution
		HideSolutionNode = FALSE
	EndGlobalSection
	GlobalSection(ExtensibilityGlobals) = postSolution
		SolutionGuid = {6D982C7E-192D-42E2-8ED7-53AC5B398CA6}
	EndGlobalSection
EndGlobal
